Microsoft Visual Studio Solution File, Format Version 11.00
# Visual Studio 2008

Project("{AD5F4E4C-9701-92F4-DFD4-A8256BD6347A}") = "VR Unet", "Assembly-CSharp-firstpass.csproj", "{F4CEB4DD-1800-9F55-9D7C-1BF50CD8B92E}"
EndProject
Project("{AD5F4E4C-9701-92F4-DFD4-A8256BD6347A}") = "VR Unet", "Assembly-CSharp.csproj", "{174FD87C-B47F-66F3-D8B1-6139A7E0C457}"
EndProject
Project("{AD5F4E4C-9701-92F4-DFD4-A8256BD6347A}") = "VR Unet", "Assembly-CSharp-Editor.csproj", "{22B3DAE6-BA02-8C90-0B47-47F3DC96D8FE}"
EndProject
Global
	GlobalSection(SolutionConfigurationPlatforms) = preSolution
		Debug|Any CPU = Debug|Any CPU
		Release|Any CPU = Release|Any CPU
	EndGlobalSection
	GlobalSection(ProjectConfigurationPlatforms) = postSolution
		{F4CEB4DD-1800-9F55-9D7C-1BF50CD8B92E}.Debug|Any CPU.ActiveCfg = Debug|Any CPU
		{F4CEB4DD-1800-9F55-9D7C-1BF50CD8B92E}.Debug|Any CPU.Build.0 = Debug|Any CPU
		{F4CEB4DD-1800-9F55-9D7C-1BF50CD8B92E}.Release|Any CPU.ActiveCfg = Release|Any CPU
		{F4CEB4DD-1800-9F55-9D7C-1BF50CD8B92E}.Release|Any CPU.Build.0 = Release|Any CPU
		{174FD87C-B47F-66F3-D8B1-6139A7E0C457}.Debug|Any CPU.ActiveCfg = Debug|Any CPU
		{174FD87C-B47F-66F3-D8B1-6139A7E0C457}.Debug|Any CPU.Build.0 = Debug|Any CPU
		{174FD87C-B47F-66F3-D8B1-6139A7E0C457}.Release|Any CPU.ActiveCfg = Release|Any CPU
		{174FD87C-B47F-66F3-D8B1-6139A7E0C457}.Release|Any CPU.Build.0 = Release|Any CPU
		{22B3DAE6-BA02-8C90-0B47-47F3DC96D8FE}.Debug|Any CPU.ActiveCfg = Debug|Any CPU
		{22B3DAE6-BA02-8C90-0B47-47F3DC96D8FE}.Debug|Any CPU.Build.0 = Debug|Any CPU
		{22B3DAE6-BA02-8C90-0B47-47F3DC96D8FE}.Release|Any CPU.ActiveCfg = Release|Any CPU
		{22B3DAE6-BA02-8C90-0B47-47F3DC96D8FE}.Release|Any CPU.Build.0 = Release|Any CPU
	EndGlobalSection
	GlobalSection(SolutionProperties) = preSolution
		HideSolutionNode = FALSE
	EndGlobalSection
	GlobalSection(MonoDevelopProperties) = preSolution
		StartupItem = Assembly-CSharp.csproj
	EndGlobalSection
EndGlobal
